{
  "name": "myproject",
  "version": "0.0.1",
  "lockfileVersion": 1,
  "requires": true,
  "dependencies": {
    "wepy": {
      "version": "1.7.1",
      "resolved": "https://registry.npmjs.org/wepy/-/wepy-1.7.1.tgz",
      "integrity": "sha512-mmcilUot+MFjn346bJV2qpklcjwPA6jlYodFicxMH14VStRh5DuQ6u0/tBywS3MlJJp1fDhaSr/P2dHEubtWRQ=="
    }
  }
}
